
Microsoft Visual Studio Solution File, Format Version 12.00
# Visual Studio Version 16
VisualStudioVersion = 16.0.31205.134
MinimumVisualStudioVersion = 10.0.40219.1
Project("{9A19103F-16F7-4668-BE54-9A1E7A4F7556}") = "CSharp", "Sourcestack\CSharp.csproj", "{A40572AB-FEC6-46D7-8B61-96D7364976F9}"
EndProject
Project("{9A19103F-16F7-4668-BE54-9A1E7A4F7556}") = "CSharpTest", "CSharpTest\CSharpTest.csproj", "{AAE61AC7-399C-473D-8711-C043BE7E7A58}"
EndProject
Project("{FAE04EC0-301F-11D3-BF4B-00C04F79EFBC}") = "SourceStacks", "SourceStacks\SourceStacks.csproj", "{263CCF60-E490-4889-B59D-17BC676943F0}"
EndProject
Global
	GlobalSection(SolutionConfigurationPlatforms) = preSolution
		Debug|Any CPU = Debug|Any CPU
		Release|Any CPU = Release|Any CPU
	EndGlobalSection
	GlobalSection(ProjectConfigurationPlatforms) = postSolution
		{A40572AB-FEC6-46D7-8B61-96D7364976F9}.Debug|Any CPU.ActiveCfg = Debug|Any CPU
		{A40572AB-FEC6-46D7-8B61-96D7364976F9}.Debug|Any CPU.Build.0 = Debug|Any CPU
		{A40572AB-FEC6-46D7-8B61-96D7364976F9}.Release|Any CPU.ActiveCfg = Release|Any CPU
		{A40572AB-FEC6-46D7-8B61-96D7364976F9}.Release|Any CPU.Build.0 = Release|Any CPU
		{AAE61AC7-399C-473D-8711-C043BE7E7A58}.Debug|Any CPU.ActiveCfg = Debug|Any CPU
		{AAE61AC7-399C-473D-8711-C043BE7E7A58}.Debug|Any CPU.Build.0 = Debug|Any CPU
		{AAE61AC7-399C-473D-8711-C043BE7E7A58}.Release|Any CPU.ActiveCfg = Release|Any CPU
		{AAE61AC7-399C-473D-8711-C043BE7E7A58}.Release|Any CPU.Build.0 = Release|Any CPU
		{263CCF60-E490-4889-B59D-17BC676943F0}.Debug|Any CPU.ActiveCfg = Debug|Any CPU
		{263CCF60-E490-4889-B59D-17BC676943F0}.Debug|Any CPU.Build.0 = Debug|Any CPU
		{263CCF60-E490-4889-B59D-17BC676943F0}.Release|Any CPU.ActiveCfg = Release|Any CPU
		{263CCF60-E490-4889-B59D-17BC676943F0}.Release|Any CPU.Build.0 = Release|Any CPU
	EndGlobalSection
	GlobalSection(SolutionProperties) = preSolution
		HideSolutionNode = FALSE
	EndGlobalSection
	GlobalSection(ExtensibilityGlobals) = postSolution
		SolutionGuid = {D098ACEA-20C4-4E4C-873B-7006B6BBAF69}
	EndGlobalSection
EndGlobal
