
Microsoft Visual Studio Solution File, Format Version 12.00
# Visual Studio Version 16
VisualStudioVersion = 16.0.31205.134
MinimumVisualStudioVersion = 10.0.40219.1
Project("{9A19103F-16F7-4668-BE54-9A1E7A4F7556}") = "SourceStacks", "SourceStacks\SourceStacks.csproj", "{263CCF60-E490-4889-B59D-17BC676943F0}"
EndProject
Project("{9A19103F-16F7-4668-BE54-9A1E7A4F7556}") = "CSharp", "CSharp\CSharp.csproj", "{E0BD828D-3B8D-4B33-8616-40188A8B149E}"
EndProject
Project("{FAE04EC0-301F-11D3-BF4B-00C04F79EFBC}") = "Capthcha", "Capthcha\Capthcha.csproj", "{6C2DCCBC-7459-4D8A-8D8E-38951943ABBC}"
EndProject
Global
	GlobalSection(SolutionConfigurationPlatforms) = preSolution
		Debug|Any CPU = Debug|Any CPU
		Release|Any CPU = Release|Any CPU
	EndGlobalSection
	GlobalSection(ProjectConfigurationPlatforms) = postSolution
		{263CCF60-E490-4889-B59D-17BC676943F0}.Debug|Any CPU.ActiveCfg = Debug|Any CPU
		{263CCF60-E490-4889-B59D-17BC676943F0}.Debug|Any CPU.Build.0 = Debug|Any CPU
		{263CCF60-E490-4889-B59D-17BC676943F0}.Release|Any CPU.ActiveCfg = Release|Any CPU
		{263CCF60-E490-4889-B59D-17BC676943F0}.Release|Any CPU.Build.0 = Release|Any CPU
		{E0BD828D-3B8D-4B33-8616-40188A8B149E}.Debug|Any CPU.ActiveCfg = Debug|Any CPU
		{E0BD828D-3B8D-4B33-8616-40188A8B149E}.Debug|Any CPU.Build.0 = Debug|Any CPU
		{E0BD828D-3B8D-4B33-8616-40188A8B149E}.Release|Any CPU.ActiveCfg = Release|Any CPU
		{E0BD828D-3B8D-4B33-8616-40188A8B149E}.Release|Any CPU.Build.0 = Release|Any CPU
		{6C2DCCBC-7459-4D8A-8D8E-38951943ABBC}.Debug|Any CPU.ActiveCfg = Debug|Any CPU
		{6C2DCCBC-7459-4D8A-8D8E-38951943ABBC}.Debug|Any CPU.Build.0 = Debug|Any CPU
		{6C2DCCBC-7459-4D8A-8D8E-38951943ABBC}.Release|Any CPU.ActiveCfg = Release|Any CPU
		{6C2DCCBC-7459-4D8A-8D8E-38951943ABBC}.Release|Any CPU.Build.0 = Release|Any CPU
	EndGlobalSection
	GlobalSection(SolutionProperties) = preSolution
		HideSolutionNode = FALSE
	EndGlobalSection
	GlobalSection(ExtensibilityGlobals) = postSolution
		SolutionGuid = {D098ACEA-20C4-4E4C-873B-7006B6BBAF69}
	EndGlobalSection
EndGlobal
